# THIS IS AN AUTOGENERATED FILE. DO NOT EDIT THIS FILE DIRECTLY.
# yarn lockfile v1


dompurify@^1.0.3:
  version "1.0.3"
  resolved "https://registry.yarnpkg.com/dompurify/-/dompurify-1.0.3.tgz#3f2f6ecb6ecd27599a506b410ff47d6eb90fd05d"

pell@^0.7.0:
  version "0.7.0"
  resolved "https://registry.yarnpkg.com/pell/-/pell-0.7.0.tgz#46b3fcdfa8dd7e5999f73c550a337ecc80193dcc"
