# THIS IS AN AUTOGENERATED FILE. DO NOT EDIT THIS FILE DIRECTLY.
# yarn lockfile v1


marked@^0.3.16:
  version "0.3.16"
  resolved "https://registry.yarnpkg.com/marked/-/marked-0.3.16.tgz#2f188b7dfcfa6540fe9940adaf0f3b791c9a5cba"

pell@^0.7.0:
  version "0.7.0"
  resolved "https://registry.yarnpkg.com/pell/-/pell-0.7.0.tgz#46b3fcdfa8dd7e5999f73c550a337ecc80193dcc"
